
Microsoft Visual Studio Solution File, Format Version 12.00
# Visual Studio Version 17
VisualStudioVersion = 17.10.34928.147
MinimumVisualStudioVersion = 10.0.40219.1
Project("{FAE04EC0-301F-11D3-BF4B-00C04F79EFBC}") = "Functions", "Functions\Functions.csproj", "{9EE5FB85-DD5E-4229-AAE4-1DC6A58B0BB8}"
EndProject
Project("{FAE04EC0-301F-11D3-BF4B-00C04F79EFBC}") = "ArgumentsAndParmameters", "ArgumentsAndParmameters\ArgumentsAndParmameters.csproj", "{28658920-6456-4844-B3DE-780F1B173C29}"
EndProject
Project("{FAE04EC0-301F-11D3-BF4B-00C04F79EFBC}") = "Calculator", "Calculator\Calculator.csproj", "{937B0467-7F58-416E-B646-3AA7818CC23B}"
EndProject
Project("{FAE04EC0-301F-11D3-BF4B-00C04F79EFBC}") = "DiscountCalculator", "DiscountCalculator\DiscountCalculator.csproj", "{E859AB0C-7B4A-4DC5-93D8-3DCA0C0A5433}"
EndProject
Global
	GlobalSection(SolutionConfigurationPlatforms) = preSolution
		Debug|Any CPU = Debug|Any CPU
		Release|Any CPU = Release|Any CPU
	EndGlobalSection
	GlobalSection(ProjectConfigurationPlatforms) = postSolution
		{9EE5FB85-DD5E-4229-AAE4-1DC6A58B0BB8}.Debug|Any CPU.ActiveCfg = Debug|Any CPU
		{9EE5FB85-DD5E-4229-AAE4-1DC6A58B0BB8}.Debug|Any CPU.Build.0 = Debug|Any CPU
		{9EE5FB85-DD5E-4229-AAE4-1DC6A58B0BB8}.Release|Any CPU.ActiveCfg = Release|Any CPU
		{9EE5FB85-DD5E-4229-AAE4-1DC6A58B0BB8}.Release|Any CPU.Build.0 = Release|Any CPU
		{28658920-6456-4844-B3DE-780F1B173C29}.Debug|Any CPU.ActiveCfg = Debug|Any CPU
		{28658920-6456-4844-B3DE-780F1B173C29}.Debug|Any CPU.Build.0 = Debug|Any CPU
		{28658920-6456-4844-B3DE-780F1B173C29}.Release|Any CPU.ActiveCfg = Release|Any CPU
		{28658920-6456-4844-B3DE-780F1B173C29}.Release|Any CPU.Build.0 = Release|Any CPU
		{937B0467-7F58-416E-B646-3AA7818CC23B}.Debug|Any CPU.ActiveCfg = Debug|Any CPU
		{937B0467-7F58-416E-B646-3AA7818CC23B}.Debug|Any CPU.Build.0 = Debug|Any CPU
		{937B0467-7F58-416E-B646-3AA7818CC23B}.Release|Any CPU.ActiveCfg = Release|Any CPU
		{937B0467-7F58-416E-B646-3AA7818CC23B}.Release|Any CPU.Build.0 = Release|Any CPU
		{E859AB0C-7B4A-4DC5-93D8-3DCA0C0A5433}.Debug|Any CPU.ActiveCfg = Debug|Any CPU
		{E859AB0C-7B4A-4DC5-93D8-3DCA0C0A5433}.Debug|Any CPU.Build.0 = Debug|Any CPU
		{E859AB0C-7B4A-4DC5-93D8-3DCA0C0A5433}.Release|Any CPU.ActiveCfg = Release|Any CPU
		{E859AB0C-7B4A-4DC5-93D8-3DCA0C0A5433}.Release|Any CPU.Build.0 = Release|Any CPU
	EndGlobalSection
	GlobalSection(SolutionProperties) = preSolution
		HideSolutionNode = FALSE
	EndGlobalSection
	GlobalSection(ExtensibilityGlobals) = postSolution
		SolutionGuid = {7DCE0729-4670-4E01-97DF-6C669A2EEF36}
	EndGlobalSection
EndGlobal
